// !$*UTF8*$!
{
	archiveVersion = 1;
	classes = {
	};
	objectVersion = 47;
	objects = {

/* Begin PBXBuildFile section */
		17159B731BAF45F600E71174 /* RulesViewController.swift in Sources */ = {isa = PBXBuildFile; fileRef = 17159B721BAF45F600E71174 /* RulesViewController.swift */; };
		17159B751BAF48FB00E71174 /* RuleTableViewCell.swift in Sources */ = {isa = PBXBuildFile; fileRef = 17159B741BAF48FB00E71174 /* RuleTableViewCell.swift */; };
		171B077B1B92642500217266 /* AppDelegate.swift in Sources */ = {isa = PBXBuildFile; fileRef = 171B077A1B92642500217266 /* AppDelegate.swift */; };
		171B07821B92642500217266 /* Assets.xcassets in Resources */ = {isa = PBXBuildFile; fileRef = 171B07811B92642500217266 /* Assets.xcassets */; };
		171B07851B92642500217266 /* LaunchScreen.storyboard in Resources */ = {isa = PBXBuildFile; fileRef = 171B07831B92642500217266 /* LaunchScreen.storyboard */; };
		171B07901B92642600217266 /* MC_Castle_ChallengeTests.swift in Sources */ = {isa = PBXBuildFile; fileRef = 171B078F1B92642600217266 /* MC_Castle_ChallengeTests.swift */; };
		171B079B1B92642600217266 /* MC_Castle_ChallengeUITests.swift in Sources */ = {isa = PBXBuildFile; fileRef = 171B079A1B92642600217266 /* MC_Castle_ChallengeUITests.swift */; };
		171B07A91B926B3000217266 /* ChallengeRulesAndStages.swift in Sources */ = {isa = PBXBuildFile; fileRef = 171B07A81B926B3000217266 /* ChallengeRulesAndStages.swift */; };
		171B07AB1B926C1800217266 /* SegueIdentifiers.swift in Sources */ = {isa = PBXBuildFile; fileRef = 171B07AA1B926C1800217266 /* SegueIdentifiers.swift */; };
		1764B1E41BAB32A1008061A6 /* RequirementTableViewCell.swift in Sources */ = {isa = PBXBuildFile; fileRef = 1764B1E31BAB32A1008061A6 /* RequirementTableViewCell.swift */; };
		1764C3881BA09AE400D2A2AC /* FileManager.swift in Sources */ = {isa = PBXBuildFile; fileRef = 1764C3871BA09AE400D2A2AC /* FileManager.swift */; };
		177C71D91BA3F27100720577 /* CastleChallenge.plist in Resources */ = {isa = PBXBuildFile; fileRef = 177C71D81BA3F27100720577 /* CastleChallenge.plist */; };
		177C71E41BA5001400720577 /* HowToPlay.storyboard in Resources */ = {isa = PBXBuildFile; fileRef = 177C71E21BA5001400720577 /* HowToPlay.storyboard */; };
		177C71E71BA5002600720577 /* Rules.storyboard in Resources */ = {isa = PBXBuildFile; fileRef = 177C71E51BA5002600720577 /* Rules.storyboard */; };
		177C71EA1BA5017600720577 /* Age.storyboard in Resources */ = {isa = PBXBuildFile; fileRef = 177C71E81BA5017600720577 /* Age.storyboard */; };
		177C71ED1BA5034300720577 /* AgeRequirements.storyboard in Resources */ = {isa = PBXBuildFile; fileRef = 177C71EB1BA5034300720577 /* AgeRequirements.storyboard */; };
		177C71F21BA5F1A900720577 /* UIViewController+ContentViewController.swift in Sources */ = {isa = PBXBuildFile; fileRef = 177C71F11BA5F1A900720577 /* UIViewController+ContentViewController.swift */; };
		177C71F51BA60A3800720577 /* CastleChallenge.swift in Sources */ = {isa = PBXBuildFile; fileRef = 177C71F41BA60A3800720577 /* CastleChallenge.swift */; };
		1790FCFF1BB4762400C2A21E /* Array+AtIndex.swift in Sources */ = {isa = PBXBuildFile; fileRef = 1790FCFE1BB4762400C2A21E /* Array+AtIndex.swift */; };
		1790FD031BB4786300C2A21E /* Rule.swift in Sources */ = {isa = PBXBuildFile; fileRef = 1790FD021BB4786300C2A21E /* Rule.swift */; };
		1790FD051BB47E5C00C2A21E /* BaseTableViewController.swift in Sources */ = {isa = PBXBuildFile; fileRef = 1790FD041BB47E5C00C2A21E /* BaseTableViewController.swift */; };
		1790FD071BB48D6000C2A21E /* Requirement.swift in Sources */ = {isa = PBXBuildFile; fileRef = 1790FD061BB48D6000C2A21E /* Requirement.swift */; };
		1798CFE41B93B524008B64D0 /* Main.storyboard in Resources */ = {isa = PBXBuildFile; fileRef = 171B077E1B92642500217266 /* Main.storyboard */; };
		17B367271B93E2F100FFD061 /* AgeDetailsViewController.swift in Sources */ = {isa = PBXBuildFile; fileRef = 17B367261B93E2F100FFD061 /* AgeDetailsViewController.swift */; };
		17B367311B93E77500FFD061 /* UserDefaults.swift in Sources */ = {isa = PBXBuildFile; fileRef = 17B367301B93E77500FFD061 /* UserDefaults.swift */; };
		17B367331B93E79F00FFD061 /* XCGLogger.swift in Sources */ = {isa = PBXBuildFile; fileRef = 17B367321B93E79F00FFD061 /* XCGLogger.swift */; };
		17B9575A1B955810003334DB /* AgeDetailsRequirementsTableViewController.swift in Sources */ = {isa = PBXBuildFile; fileRef = 17B957591B955810003334DB /* AgeDetailsRequirementsTableViewController.swift */; };
		17D7F1CD1BB301AB003707BA /* UIFont+AvenirContentSize.swift in Sources */ = {isa = PBXBuildFile; fileRef = 17D7F1CC1BB301AB003707BA /* UIFont+AvenirContentSize.swift */; };
		17D7F1D11BB316DD003707BA /* HowToPlayViewController.swift in Sources */ = {isa = PBXBuildFile; fileRef = 17D7F1D01BB316DD003707BA /* HowToPlayViewController.swift */; };
		551E36E61CB9DDBA0039E7C0 /* String+Newline.swift in Sources */ = {isa = PBXBuildFile; fileRef = 551E36E51CB9DDBA0039E7C0 /* String+Newline.swift */; };
		551E36E81CB9DEC60039E7C0 /* CastleChallengeDataManager.swift in Sources */ = {isa = PBXBuildFile; fileRef = 551E36E71CB9DEC60039E7C0 /* CastleChallengeDataManager.swift */; };
		552A7FEB1D4EC06100B6FD39 /* DetailViewManagerViewController.swift in Sources */ = {isa = PBXBuildFile; fileRef = 552A7FEA1D4EC06100B6FD39 /* DetailViewManagerViewController.swift */; };
		55CB16441CB96DAC00ED0775 /* AppDelegate+Logging.swift in Sources */ = {isa = PBXBuildFile; fileRef = 55CB16431CB96DAC00ED0775 /* AppDelegate+Logging.swift */; };
		55CB16461CB96E9400ED0775 /* AppDelegate+UserDefaults.swift in Sources */ = {isa = PBXBuildFile; fileRef = 55CB16451CB96E9400ED0775 /* AppDelegate+UserDefaults.swift */; };
		55CB16481CB96FA600ED0775 /* AppDelegate+Setup.swift in Sources */ = {isa = PBXBuildFile; fileRef = 55CB16471CB96FA600ED0775 /* AppDelegate+Setup.swift */; };
		55CB164D1CB9776400ED0775 /* CastleChallengeFiles.swift in Sources */ = {isa = PBXBuildFile; fileRef = 55CB164C1CB9776400ED0775 /* CastleChallengeFiles.swift */; };
		55CB16541CB9845C00ED0775 /* ContentSizeChangeObservingViewController.swift in Sources */ = {isa = PBXBuildFile; fileRef = 55CB16531CB9845C00ED0775 /* ContentSizeChangeObservingViewController.swift */; };
		55CB16561CB9849800ED0775 /* ContentSizeChangeObservingTableViewController.swift in Sources */ = {isa = PBXBuildFile; fileRef = 55CB16551CB9849800ED0775 /* ContentSizeChangeObservingTableViewController.swift */; };
		55CB16581CB985FC00ED0775 /* String+Empty.swift in Sources */ = {isa = PBXBuildFile; fileRef = 55CB16571CB985FC00ED0775 /* String+Empty.swift */; };
		55CB165A1CB9873B00ED0775 /* BaseViewController.swift in Sources */ = {isa = PBXBuildFile; fileRef = 55CB16591CB9873B00ED0775 /* BaseViewController.swift */; };
/* End PBXBuildFile section */

/* Begin PBXContainerItemProxy section */
		171B078C1B92642600217266 /* PBXContainerItemProxy */ = {
			isa = PBXContainerItemProxy;
			containerPortal = 171B076F1B92642500217266 /* Project object */;
			proxyType = 1;
			remoteGlobalIDString = 171B07761B92642500217266;
			remoteInfo = "MC Castle Challenge";
		};
		171B07971B92642600217266 /* PBXContainerItemProxy */ = {
			isa = PBXContainerItemProxy;
			containerPortal = 171B076F1B92642500217266 /* Project object */;
			proxyType = 1;
			remoteGlobalIDString = 171B07761B92642500217266;
			remoteInfo = "MC Castle Challenge";
		};
/* End PBXContainerItemProxy section */

/* Begin PBXFileReference section */
		17159B721BAF45F600E71174 /* RulesViewController.swift */ = {isa = PBXFileReference; fileEncoding = 4; lastKnownFileType = sourcecode.swift; path = RulesViewController.swift; sourceTree = "<group>"; };
		17159B741BAF48FB00E71174 /* RuleTableViewCell.swift */ = {isa = PBXFileReference; fileEncoding = 4; lastKnownFileType = sourcecode.swift; path = RuleTableViewCell.swift; sourceTree = "<group>"; };
		171B07771B92642500217266 /* MC CC.app */ = {isa = PBXFileReference; explicitFileType = wrapper.application; includeInIndex = 0; path = "MC CC.app"; sourceTree = BUILT_PRODUCTS_DIR; };
		171B077A1B92642500217266 /* AppDelegate.swift */ = {isa = PBXFileReference; lastKnownFileType = sourcecode.swift; path = AppDelegate.swift; sourceTree = "<group>"; };
		171B077F1B92642500217266 /* Base */ = {isa = PBXFileReference; lastKnownFileType = file.storyboard; name = Base; path = Base.lproj/Main.storyboard; sourceTree = "<group>"; };
		171B07811B92642500217266 /* Assets.xcassets */ = {isa = PBXFileReference; lastKnownFileType = folder.assetcatalog; path = Assets.xcassets; sourceTree = "<group>"; };
		171B07841B92642500217266 /* Base */ = {isa = PBXFileReference; lastKnownFileType = file.storyboard; name = Base; path = Base.lproj/LaunchScreen.storyboard; sourceTree = "<group>"; };
		171B07861B92642500217266 /* Info.plist */ = {isa = PBXFileReference; lastKnownFileType = text.plist.xml; path = Info.plist; sourceTree = "<group>"; };
		171B078B1B92642600217266 /* unit tests.xctest */ = {isa = PBXFileReference; explicitFileType = wrapper.cfbundle; includeInIndex = 0; path = "unit tests.xctest"; sourceTree = BUILT_PRODUCTS_DIR; };
		171B078F1B92642600217266 /* MC_Castle_ChallengeTests.swift */ = {isa = PBXFileReference; lastKnownFileType = sourcecode.swift; path = MC_Castle_ChallengeTests.swift; sourceTree = "<group>"; };
		171B07911B92642600217266 /* Info.plist */ = {isa = PBXFileReference; lastKnownFileType = text.plist.xml; path = Info.plist; sourceTree = "<group>"; };
		171B07961B92642600217266 /* ui tests.xctest */ = {isa = PBXFileReference; explicitFileType = wrapper.cfbundle; includeInIndex = 0; path = "ui tests.xctest"; sourceTree = BUILT_PRODUCTS_DIR; };
		171B079A1B92642600217266 /* MC_Castle_ChallengeUITests.swift */ = {isa = PBXFileReference; lastKnownFileType = sourcecode.swift; path = MC_Castle_ChallengeUITests.swift; sourceTree = "<group>"; };
		171B079C1B92642600217266 /* Info.plist */ = {isa = PBXFileReference; lastKnownFileType = text.plist.xml; path = Info.plist; sourceTree = "<group>"; };
		171B07A81B926B3000217266 /* ChallengeRulesAndStages.swift */ = {isa = PBXFileReference; fileEncoding = 4; lastKnownFileType = sourcecode.swift; path = ChallengeRulesAndStages.swift; sourceTree = "<group>"; };
		171B07AA1B926C1800217266 /* SegueIdentifiers.swift */ = {isa = PBXFileReference; fileEncoding = 4; lastKnownFileType = sourcecode.swift; path = SegueIdentifiers.swift; sourceTree = "<group>"; };
		1764B1E31BAB32A1008061A6 /* RequirementTableViewCell.swift */ = {isa = PBXFileReference; fileEncoding = 4; lastKnownFileType = sourcecode.swift; path = RequirementTableViewCell.swift; sourceTree = "<group>"; };
		1764C3871BA09AE400D2A2AC /* FileManager.swift */ = {isa = PBXFileReference; fileEncoding = 4; lastKnownFileType = sourcecode.swift; path = FileManager.swift; sourceTree = "<group>"; };
		177C71D81BA3F27100720577 /* CastleChallenge.plist */ = {isa = PBXFileReference; fileEncoding = 4; lastKnownFileType = text.plist.xml; path = CastleChallenge.plist; sourceTree = "<group>"; };
		177C71E31BA5001400720577 /* Base */ = {isa = PBXFileReference; lastKnownFileType = file.storyboard; name = Base; path = Base.lproj/HowToPlay.storyboard; sourceTree = "<group>"; };
		177C71E61BA5002600720577 /* Base */ = {isa = PBXFileReference; lastKnownFileType = file.storyboard; name = Base; path = Base.lproj/Rules.storyboard; sourceTree = "<group>"; };
		177C71E91BA5017600720577 /* Base */ = {isa = PBXFileReference; lastKnownFileType = file.storyboard; name = Base; path = Base.lproj/Age.storyboard; sourceTree = "<group>"; };
		177C71EC1BA5034300720577 /* Base */ = {isa = PBXFileReference; lastKnownFileType = file.storyboard; name = Base; path = Base.lproj/AgeRequirements.storyboard; sourceTree = "<group>"; };
		177C71F11BA5F1A900720577 /* UIViewController+ContentViewController.swift */ = {isa = PBXFileReference; fileEncoding = 4; lastKnownFileType = sourcecode.swift; path = "UIViewController+ContentViewController.swift"; sourceTree = "<group>"; };
		177C71F41BA60A3800720577 /* CastleChallenge.swift */ = {isa = PBXFileReference; fileEncoding = 4; lastKnownFileType = sourcecode.swift; path = CastleChallenge.swift; sourceTree = "<group>"; };
		1790FCFE1BB4762400C2A21E /* Array+AtIndex.swift */ = {isa = PBXFileReference; fileEncoding = 4; lastKnownFileType = sourcecode.swift; path = "Array+AtIndex.swift"; sourceTree = "<group>"; };
		1790FD021BB4786300C2A21E /* Rule.swift */ = {isa = PBXFileReference; fileEncoding = 4; lastKnownFileType = sourcecode.swift; path = Rule.swift; sourceTree = "<group>"; };
		1790FD041BB47E5C00C2A21E /* BaseTableViewController.swift */ = {isa = PBXFileReference; fileEncoding = 4; lastKnownFileType = sourcecode.swift; path = BaseTableViewController.swift; sourceTree = "<group>"; };
		1790FD061BB48D6000C2A21E /* Requirement.swift */ = {isa = PBXFileReference; fileEncoding = 4; lastKnownFileType = sourcecode.swift; path = Requirement.swift; sourceTree = "<group>"; };
		17B367261B93E2F100FFD061 /* AgeDetailsViewController.swift */ = {isa = PBXFileReference; fileEncoding = 4; lastKnownFileType = sourcecode.swift; path = AgeDetailsViewController.swift; sourceTree = "<group>"; };
		17B367301B93E77500FFD061 /* UserDefaults.swift */ = {isa = PBXFileReference; fileEncoding = 4; lastKnownFileType = sourcecode.swift; path = UserDefaults.swift; sourceTree = "<group>"; };
		17B367321B93E79F00FFD061 /* XCGLogger.swift */ = {isa = PBXFileReference; fileEncoding = 4; lastKnownFileType = sourcecode.swift; path = XCGLogger.swift; sourceTree = "<group>"; };
		17B957591B955810003334DB /* AgeDetailsRequirementsTableViewController.swift */ = {isa = PBXFileReference; fileEncoding = 4; lastKnownFileType = sourcecode.swift; path = AgeDetailsRequirementsTableViewController.swift; sourceTree = "<group>"; };
		17D7F1CC1BB301AB003707BA /* UIFont+AvenirContentSize.swift */ = {isa = PBXFileReference; fileEncoding = 4; lastKnownFileType = sourcecode.swift; path = "UIFont+AvenirContentSize.swift"; sourceTree = "<group>"; };
		17D7F1D01BB316DD003707BA /* HowToPlayViewController.swift */ = {isa = PBXFileReference; fileEncoding = 4; lastKnownFileType = sourcecode.swift; path = HowToPlayViewController.swift; sourceTree = "<group>"; };
		551E36E51CB9DDBA0039E7C0 /* String+Newline.swift */ = {isa = PBXFileReference; fileEncoding = 4; lastKnownFileType = sourcecode.swift; path = "String+Newline.swift"; sourceTree = "<group>"; };
		551E36E71CB9DEC60039E7C0 /* CastleChallengeDataManager.swift */ = {isa = PBXFileReference; fileEncoding = 4; lastKnownFileType = sourcecode.swift; path = CastleChallengeDataManager.swift; sourceTree = "<group>"; };
		552A7FEA1D4EC06100B6FD39 /* DetailViewManagerViewController.swift */ = {isa = PBXFileReference; fileEncoding = 4; lastKnownFileType = sourcecode.swift; path = DetailViewManagerViewController.swift; sourceTree = "<group>"; };
		55CB16431CB96DAC00ED0775 /* AppDelegate+Logging.swift */ = {isa = PBXFileReference; fileEncoding = 4; lastKnownFileType = sourcecode.swift; path = "AppDelegate+Logging.swift"; sourceTree = "<group>"; };
		55CB16451CB96E9400ED0775 /* AppDelegate+UserDefaults.swift */ = {isa = PBXFileReference; fileEncoding = 4; lastKnownFileType = sourcecode.swift; path = "AppDelegate+UserDefaults.swift"; sourceTree = "<group>"; };
		55CB16471CB96FA600ED0775 /* AppDelegate+Setup.swift */ = {isa = PBXFileReference; fileEncoding = 4; lastKnownFileType = sourcecode.swift; path = "AppDelegate+Setup.swift"; sourceTree = "<group>"; };
		55CB164C1CB9776400ED0775 /* CastleChallengeFiles.swift */ = {isa = PBXFileReference; fileEncoding = 4; lastKnownFileType = sourcecode.swift; path = CastleChallengeFiles.swift; sourceTree = "<group>"; };
		55CB16531CB9845C00ED0775 /* ContentSizeChangeObservingViewController.swift */ = {isa = PBXFileReference; fileEncoding = 4; lastKnownFileType = sourcecode.swift; path = ContentSizeChangeObservingViewController.swift; sourceTree = "<group>"; };
		55CB16551CB9849800ED0775 /* ContentSizeChangeObservingTableViewController.swift */ = {isa = PBXFileReference; fileEncoding = 4; lastKnownFileType = sourcecode.swift; path = ContentSizeChangeObservingTableViewController.swift; sourceTree = "<group>"; };
		55CB16571CB985FC00ED0775 /* String+Empty.swift */ = {isa = PBXFileReference; fileEncoding = 4; lastKnownFileType = sourcecode.swift; name = "String+Empty.swift"; path = "../../../../delivery-roulette/ios/_src/extensions/String+Empty.swift"; sourceTree = "<group>"; };
		55CB16591CB9873B00ED0775 /* BaseViewController.swift */ = {isa = PBXFileReference; fileEncoding = 4; lastKnownFileType = sourcecode.swift; path = BaseViewController.swift; sourceTree = "<group>"; };
/* End PBXFileReference section */

/* Begin PBXFrameworksBuildPhase section */
		171B07741B92642500217266 /* Frameworks */ = {
			isa = PBXFrameworksBuildPhase;
			buildActionMask = 2147483647;
			files = (
			);
			runOnlyForDeploymentPostprocessing = 0;
		};
		171B07881B92642600217266 /* Frameworks */ = {
			isa = PBXFrameworksBuildPhase;
			buildActionMask = 2147483647;
			files = (
			);
			runOnlyForDeploymentPostprocessing = 0;
		};
		171B07931B92642600217266 /* Frameworks */ = {
			isa = PBXFrameworksBuildPhase;
			buildActionMask = 2147483647;
			files = (
			);
			runOnlyForDeploymentPostprocessing = 0;
		};
/* End PBXFrameworksBuildPhase section */

/* Begin PBXGroup section */
		17159B711BAF45D200E71174 /* rules */ = {
			isa = PBXGroup;
			children = (
				17159B721BAF45F600E71174 /* RulesViewController.swift */,
				17159B741BAF48FB00E71174 /* RuleTableViewCell.swift */,
			);
			name = rules;
			sourceTree = "<group>";
		};
		171B076E1B92642500217266 = {
			isa = PBXGroup;
			children = (
				171B07791B92642500217266 /* _src */,
				171B078E1B92642600217266 /* unit tests */,
				171B07991B92642600217266 /* ui tests */,
				171B07781B92642500217266 /* Products */,
			);
			sourceTree = "<group>";
		};
		171B07781B92642500217266 /* Products */ = {
			isa = PBXGroup;
			children = (
				171B07771B92642500217266 /* MC CC.app */,
				171B078B1B92642600217266 /* unit tests.xctest */,
				171B07961B92642600217266 /* ui tests.xctest */,
			);
			name = Products;
			sourceTree = "<group>";
		};
		171B07791B92642500217266 /* _src */ = {
			isa = PBXGroup;
			children = (
				177C71EF1BA50A8700720577 /* application */,
				177C71F31BA60A1200720577 /* models */,
				177C71F01BA50AA800720577 /* challenge-rules-objective */,
				177C71EE1BA50A7400720577 /* age */,
				17159B711BAF45D200E71174 /* rules */,
				552A7FE91D4EC04700B6FD39 /* detail view manager */,
				174227FD1B93B90E00EE35AA /* other-sources */,
				174227FC1B93B8FF00EE35AA /* resources */,
				174227FB1B93B8F300EE35AA /* storyboards */,
				1764C3861BA09A8800D2A2AC /* _vendor */,
			);
			path = _src;
			sourceTree = "<group>";
		};
		171B078E1B92642600217266 /* unit tests */ = {
			isa = PBXGroup;
			children = (
				171B078F1B92642600217266 /* MC_Castle_ChallengeTests.swift */,
				171B07911B92642600217266 /* Info.plist */,
			);
			path = "unit tests";
			sourceTree = "<group>";
		};
		171B07991B92642600217266 /* ui tests */ = {
			isa = PBXGroup;
			children = (
				171B079A1B92642600217266 /* MC_Castle_ChallengeUITests.swift */,
				171B079C1B92642600217266 /* Info.plist */,
			);
			path = "ui tests";
			sourceTree = "<group>";
		};
		174227FB1B93B8F300EE35AA /* storyboards */ = {
			isa = PBXGroup;
			children = (
				171B07831B92642500217266 /* LaunchScreen.storyboard */,
				171B077E1B92642500217266 /* Main.storyboard */,
				177C71E81BA5017600720577 /* Age.storyboard */,
				177C71EB1BA5034300720577 /* AgeRequirements.storyboard */,
				177C71E51BA5002600720577 /* Rules.storyboard */,
				177C71E21BA5001400720577 /* HowToPlay.storyboard */,
			);
			name = storyboards;
			sourceTree = "<group>";
		};
		174227FC1B93B8FF00EE35AA /* resources */ = {
			isa = PBXGroup;
			children = (
				171B07811B92642500217266 /* Assets.xcassets */,
			);
			name = resources;
			sourceTree = "<group>";
		};
		174227FD1B93B90E00EE35AA /* other-sources */ = {
			isa = PBXGroup;
			children = (
				171B07861B92642500217266 /* Info.plist */,
				177C71D81BA3F27100720577 /* CastleChallenge.plist */,
			);
			name = "other-sources";
			sourceTree = "<group>";
		};
		1764C3861BA09A8800D2A2AC /* _vendor */ = {
			isa = PBXGroup;
			children = (
				17B367321B93E79F00FFD061 /* XCGLogger.swift */,
			);
			name = _vendor;
			sourceTree = "<group>";
		};
		177C71EE1BA50A7400720577 /* age */ = {
			isa = PBXGroup;
			children = (
				17B367261B93E2F100FFD061 /* AgeDetailsViewController.swift */,
				17B957591B955810003334DB /* AgeDetailsRequirementsTableViewController.swift */,
				1764B1E31BAB32A1008061A6 /* RequirementTableViewCell.swift */,
			);
			name = age;
			sourceTree = "<group>";
		};
		177C71EF1BA50A8700720577 /* application */ = {
			isa = PBXGroup;
			children = (
				55CB164E1CB97DD200ED0775 /* notifications */,
				55CB16491CB9729D00ED0775 /* extensions */,
				55CB16421CB96D8400ED0775 /* AppDelegate */,
				55CB164A1CB974E400ED0775 /* constants */,
				55CB164B1CB9751300ED0775 /* base classes */,
				1764C3871BA09AE400D2A2AC /* FileManager.swift */,
				17B367301B93E77500FFD061 /* UserDefaults.swift */,
			);
			name = application;
			sourceTree = "<group>";
		};
		177C71F01BA50AA800720577 /* challenge-rules-objective */ = {
			isa = PBXGroup;
			children = (
				171B07A81B926B3000217266 /* ChallengeRulesAndStages.swift */,
				17D7F1D01BB316DD003707BA /* HowToPlayViewController.swift */,
			);
			name = "challenge-rules-objective";
			sourceTree = "<group>";
		};
		177C71F31BA60A1200720577 /* models */ = {
			isa = PBXGroup;
			children = (
				177C71F41BA60A3800720577 /* CastleChallenge.swift */,
				1790FD021BB4786300C2A21E /* Rule.swift */,
				1790FD061BB48D6000C2A21E /* Requirement.swift */,
				551E36E71CB9DEC60039E7C0 /* CastleChallengeDataManager.swift */,
				55CB164C1CB9776400ED0775 /* CastleChallengeFiles.swift */,
			);
			name = models;
			sourceTree = "<group>";
		};
		552A7FE91D4EC04700B6FD39 /* detail view manager */ = {
			isa = PBXGroup;
			children = (
				552A7FEA1D4EC06100B6FD39 /* DetailViewManagerViewController.swift */,
			);
			name = "detail view manager";
			sourceTree = "<group>";
		};
		55CB16421CB96D8400ED0775 /* AppDelegate */ = {
			isa = PBXGroup;
			children = (
				171B077A1B92642500217266 /* AppDelegate.swift */,
				55CB16471CB96FA600ED0775 /* AppDelegate+Setup.swift */,
				55CB16431CB96DAC00ED0775 /* AppDelegate+Logging.swift */,
				55CB16451CB96E9400ED0775 /* AppDelegate+UserDefaults.swift */,
			);
			name = AppDelegate;
			sourceTree = "<group>";
		};
		55CB16491CB9729D00ED0775 /* extensions */ = {
			isa = PBXGroup;
			children = (
				55CB16571CB985FC00ED0775 /* String+Empty.swift */,
				551E36E51CB9DDBA0039E7C0 /* String+Newline.swift */,
				177C71F11BA5F1A900720577 /* UIViewController+ContentViewController.swift */,
				17D7F1CC1BB301AB003707BA /* UIFont+AvenirContentSize.swift */,
				1790FCFE1BB4762400C2A21E /* Array+AtIndex.swift */,
			);
			name = extensions;
			sourceTree = "<group>";
		};
		55CB164A1CB974E400ED0775 /* constants */ = {
			isa = PBXGroup;
			children = (
				171B07AA1B926C1800217266 /* SegueIdentifiers.swift */,
			);
			name = constants;
			sourceTree = "<group>";
		};
		55CB164B1CB9751300ED0775 /* base classes */ = {
			isa = PBXGroup;
			children = (
				55CB16531CB9845C00ED0775 /* ContentSizeChangeObservingViewController.swift */,
				55CB16551CB9849800ED0775 /* ContentSizeChangeObservingTableViewController.swift */,
				1790FD041BB47E5C00C2A21E /* BaseTableViewController.swift */,
				55CB16591CB9873B00ED0775 /* BaseViewController.swift */,
			);
			name = "base classes";
			sourceTree = "<group>";
		};
		55CB164E1CB97DD200ED0775 /* notifications */ = {
			isa = PBXGroup;
			children = (
			);
			name = notifications;
			sourceTree = "<group>";
		};
/* End PBXGroup section */

/* Begin PBXNativeTarget section */
		171B07761B92642500217266 /* MC CC */ = {
			isa = PBXNativeTarget;
			buildConfigurationList = 171B079F1B92642600217266 /* Build configuration list for PBXNativeTarget "MC CC" */;
			buildPhases = (
				171B07731B92642500217266 /* Sources */,
				171B07741B92642500217266 /* Frameworks */,
				171B07751B92642500217266 /* Resources */,
			);
			buildRules = (
			);
			dependencies = (
			);
			name = "MC CC";
			productName = "MC Castle Challenge";
			productReference = 171B07771B92642500217266 /* MC CC.app */;
			productType = "com.apple.product-type.application";
		};
		171B078A1B92642600217266 /* unit tests */ = {
			isa = PBXNativeTarget;
			buildConfigurationList = 171B07A21B92642600217266 /* Build configuration list for PBXNativeTarget "unit tests" */;
			buildPhases = (
				171B07871B92642600217266 /* Sources */,
				171B07881B92642600217266 /* Frameworks */,
				171B07891B92642600217266 /* Resources */,
			);
			buildRules = (
			);
			dependencies = (
				171B078D1B92642600217266 /* PBXTargetDependency */,
			);
			name = "unit tests";
			productName = "MC Castle ChallengeTests";
			productReference = 171B078B1B92642600217266 /* unit tests.xctest */;
			productType = "com.apple.product-type.bundle.unit-test";
		};
		171B07951B92642600217266 /* ui tests */ = {
			isa = PBXNativeTarget;
			buildConfigurationList = 171B07A51B92642600217266 /* Build configuration list for PBXNativeTarget "ui tests" */;
			buildPhases = (
				171B07921B92642600217266 /* Sources */,
				171B07931B92642600217266 /* Frameworks */,
				171B07941B92642600217266 /* Resources */,
			);
			buildRules = (
			);
			dependencies = (
				171B07981B92642600217266 /* PBXTargetDependency */,
			);
			name = "ui tests";
			productName = "MC Castle ChallengeUITests";
			productReference = 171B07961B92642600217266 /* ui tests.xctest */;
			productType = "com.apple.product-type.bundle.ui-testing";
		};
/* End PBXNativeTarget section */

/* Begin PBXProject section */
		171B076F1B92642500217266 /* Project object */ = {
			isa = PBXProject;
			attributes = {
				LastUpgradeCheck = 0700;
				ORGANIZATIONNAME = "Gregory Hutchinson";
				TargetAttributes = {
					171B07761B92642500217266 = {
						CreatedOnToolsVersion = 7.0;
						DevelopmentTeam = WPZ6H96R6K;
					};
					171B078A1B92642600217266 = {
						CreatedOnToolsVersion = 7.0;
						TestTargetID = 171B07761B92642500217266;
					};
					171B07951B92642600217266 = {
						CreatedOnToolsVersion = 7.0;
						TestTargetID = 171B07761B92642500217266;
					};
				};
			};
			buildConfigurationList = 171B07721B92642500217266 /* Build configuration list for PBXProject "MC Castle Challenge" */;
			compatibilityVersion = "Xcode 6.3";
			developmentRegion = English;
			hasScannedForEncodings = 0;
			knownRegions = (
				en,
				Base,
			);
			mainGroup = 171B076E1B92642500217266;
			productRefGroup = 171B07781B92642500217266 /* Products */;
			projectDirPath = "";
			projectRoot = "";
			targets = (
				171B07761B92642500217266 /* MC CC */,
				171B078A1B92642600217266 /* unit tests */,
				171B07951B92642600217266 /* ui tests */,
			);
		};
/* End PBXProject section */

/* Begin PBXResourcesBuildPhase section */
		171B07751B92642500217266 /* Resources */ = {
			isa = PBXResourcesBuildPhase;
			buildActionMask = 2147483647;
			files = (
				177C71E71BA5002600720577 /* Rules.storyboard in Resources */,
				177C71D91BA3F27100720577 /* CastleChallenge.plist in Resources */,
				1798CFE41B93B524008B64D0 /* Main.storyboard in Resources */,
				177C71E41BA5001400720577 /* HowToPlay.storyboard in Resources */,
				177C71EA1BA5017600720577 /* Age.storyboard in Resources */,
				171B07851B92642500217266 /* LaunchScreen.storyboard in Resources */,
				171B07821B92642500217266 /* Assets.xcassets in Resources */,
				177C71ED1BA5034300720577 /* AgeRequirements.storyboard in Resources */,
			);
			runOnlyForDeploymentPostprocessing = 0;
		};
		171B07891B92642600217266 /* Resources */ = {
			isa = PBXResourcesBuildPhase;
			buildActionMask = 2147483647;
			files = (
			);
			runOnlyForDeploymentPostprocessing = 0;
		};
		171B07941B92642600217266 /* Resources */ = {
			isa = PBXResourcesBuildPhase;
			buildActionMask = 2147483647;
			files = (
			);
			runOnlyForDeploymentPostprocessing = 0;
		};
/* End PBXResourcesBuildPhase section */

/* Begin PBXSourcesBuildPhase section */
		171B07731B92642500217266 /* Sources */ = {
			isa = PBXSourcesBuildPhase;
			buildActionMask = 2147483647;
			files = (
				1790FD051BB47E5C00C2A21E /* BaseTableViewController.swift in Sources */,
				171B07AB1B926C1800217266 /* SegueIdentifiers.swift in Sources */,
				1764B1E41BAB32A1008061A6 /* RequirementTableViewCell.swift in Sources */,
				551E36E81CB9DEC60039E7C0 /* CastleChallengeDataManager.swift in Sources */,
				171B07A91B926B3000217266 /* ChallengeRulesAndStages.swift in Sources */,
				55CB165A1CB9873B00ED0775 /* BaseViewController.swift in Sources */,
				552A7FEB1D4EC06100B6FD39 /* DetailViewManagerViewController.swift in Sources */,
				55CB16481CB96FA600ED0775 /* AppDelegate+Setup.swift in Sources */,
				55CB16461CB96E9400ED0775 /* AppDelegate+UserDefaults.swift in Sources */,
				1764C3881BA09AE400D2A2AC /* FileManager.swift in Sources */,
				551E36E61CB9DDBA0039E7C0 /* String+Newline.swift in Sources */,
				55CB16561CB9849800ED0775 /* ContentSizeChangeObservingTableViewController.swift in Sources */,
				17B367311B93E77500FFD061 /* UserDefaults.swift in Sources */,
				1790FCFF1BB4762400C2A21E /* Array+AtIndex.swift in Sources */,
				17B367331B93E79F00FFD061 /* XCGLogger.swift in Sources */,
				171B077B1B92642500217266 /* AppDelegate.swift in Sources */,
				55CB16541CB9845C00ED0775 /* ContentSizeChangeObservingViewController.swift in Sources */,
				17B9575A1B955810003334DB /* AgeDetailsRequirementsTableViewController.swift in Sources */,
				55CB16441CB96DAC00ED0775 /* AppDelegate+Logging.swift in Sources */,
				55CB164D1CB9776400ED0775 /* CastleChallengeFiles.swift in Sources */,
				177C71F51BA60A3800720577 /* CastleChallenge.swift in Sources */,
				177C71F21BA5F1A900720577 /* UIViewController+ContentViewController.swift in Sources */,
				1790FD071BB48D6000C2A21E /* Requirement.swift in Sources */,
				17D7F1CD1BB301AB003707BA /* UIFont+AvenirContentSize.swift in Sources */,
				17159B731BAF45F600E71174 /* RulesViewController.swift in Sources */,
				17159B751BAF48FB00E71174 /* RuleTableViewCell.swift in Sources */,
				17B367271B93E2F100FFD061 /* AgeDetailsViewController.swift in Sources */,
				1790FD031BB4786300C2A21E /* Rule.swift in Sources */,
				55CB16581CB985FC00ED0775 /* String+Empty.swift in Sources */,
				17D7F1D11BB316DD003707BA /* HowToPlayViewController.swift in Sources */,
			);
			runOnlyForDeploymentPostprocessing = 0;
		};
		171B07871B92642600217266 /* Sources */ = {
			isa = PBXSourcesBuildPhase;
			buildActionMask = 2147483647;
			files = (
				171B07901B92642600217266 /* MC_Castle_ChallengeTests.swift in Sources */,
			);
			runOnlyForDeploymentPostprocessing = 0;
		};
		171B07921B92642600217266 /* Sources */ = {
			isa = PBXSourcesBuildPhase;
			buildActionMask = 2147483647;
			files = (
				171B079B1B92642600217266 /* MC_Castle_ChallengeUITests.swift in Sources */,
			);
			runOnlyForDeploymentPostprocessing = 0;
		};
/* End PBXSourcesBuildPhase section */

/* Begin PBXTargetDependency section */
		171B078D1B92642600217266 /* PBXTargetDependency */ = {
			isa = PBXTargetDependency;
			target = 171B07761B92642500217266 /* MC CC */;
			targetProxy = 171B078C1B92642600217266 /* PBXContainerItemProxy */;
		};
		171B07981B92642600217266 /* PBXTargetDependency */ = {
			isa = PBXTargetDependency;
			target = 171B07761B92642500217266 /* MC CC */;
			targetProxy = 171B07971B92642600217266 /* PBXContainerItemProxy */;
		};
/* End PBXTargetDependency section */

/* Begin PBXVariantGroup section */
		171B077E1B92642500217266 /* Main.storyboard */ = {
			isa = PBXVariantGroup;
			children = (
				171B077F1B92642500217266 /* Base */,
			);
			name = Main.storyboard;
			sourceTree = "<group>";
		};
		171B07831B92642500217266 /* LaunchScreen.storyboard */ = {
			isa = PBXVariantGroup;
			children = (
				171B07841B92642500217266 /* Base */,
			);
			name = LaunchScreen.storyboard;
			sourceTree = "<group>";
		};
		177C71E21BA5001400720577 /* HowToPlay.storyboard */ = {
			isa = PBXVariantGroup;
			children = (
				177C71E31BA5001400720577 /* Base */,
			);
			name = HowToPlay.storyboard;
			sourceTree = "<group>";
		};
		177C71E51BA5002600720577 /* Rules.storyboard */ = {
			isa = PBXVariantGroup;
			children = (
				177C71E61BA5002600720577 /* Base */,
			);
			name = Rules.storyboard;
			sourceTree = "<group>";
		};
		177C71E81BA5017600720577 /* Age.storyboard */ = {
			isa = PBXVariantGroup;
			children = (
				177C71E91BA5017600720577 /* Base */,
			);
			name = Age.storyboard;
			sourceTree = "<group>";
		};
		177C71EB1BA5034300720577 /* AgeRequirements.storyboard */ = {
			isa = PBXVariantGroup;
			children = (
				177C71EC1BA5034300720577 /* Base */,
			);
			name = AgeRequirements.storyboard;
			sourceTree = "<group>";
		};
/* End PBXVariantGroup section */

/* Begin XCBuildConfiguration section */
		171B079D1B92642600217266 /* Debug */ = {
			isa = XCBuildConfiguration;
			buildSettings = {
				ALWAYS_SEARCH_USER_PATHS = NO;
				CLANG_CXX_LANGUAGE_STANDARD = "gnu++0x";
				CLANG_CXX_LIBRARY = "libc++";
				CLANG_ENABLE_MODULES = YES;
				CLANG_ENABLE_OBJC_ARC = YES;
				CLANG_WARN_BOOL_CONVERSION = YES;
				CLANG_WARN_CONSTANT_CONVERSION = YES;
				CLANG_WARN_DIRECT_OBJC_ISA_USAGE = YES_ERROR;
				CLANG_WARN_EMPTY_BODY = YES;
				CLANG_WARN_ENUM_CONVERSION = YES;
				CLANG_WARN_INT_CONVERSION = YES;
				CLANG_WARN_OBJC_ROOT_CLASS = YES_ERROR;
				CLANG_WARN_UNREACHABLE_CODE = YES;
				CLANG_WARN__DUPLICATE_METHOD_MATCH = YES;
				"CODE_SIGN_IDENTITY[sdk=iphoneos*]" = "iPhone Developer";
				COPY_PHASE_STRIP = NO;
				DEBUG_INFORMATION_FORMAT = dwarf;
				EMBEDDED_CONTENT_CONTAINS_SWIFT = YES;
				ENABLE_STRICT_OBJC_MSGSEND = YES;
				ENABLE_TESTABILITY = YES;
				GCC_C_LANGUAGE_STANDARD = gnu99;
				GCC_DYNAMIC_NO_PIC = NO;
				GCC_NO_COMMON_BLOCKS = YES;
				GCC_OPTIMIZATION_LEVEL = 0;
				GCC_PREPROCESSOR_DEFINITIONS = (
					"DEBUG=1",
					"$(inherited)",
				);
				GCC_WARN_64_TO_32_BIT_CONVERSION = YES;
				GCC_WARN_ABOUT_RETURN_TYPE = YES_ERROR;
				GCC_WARN_UNDECLARED_SELECTOR = YES;
				GCC_WARN_UNINITIALIZED_AUTOS = YES_AGGRESSIVE;
				GCC_WARN_UNUSED_FUNCTION = YES;
				GCC_WARN_UNUSED_VARIABLE = YES;
				IPHONEOS_DEPLOYMENT_TARGET = 9.0;
				MTL_ENABLE_DEBUG_INFO = YES;
				ONLY_ACTIVE_ARCH = YES;
				SDKROOT = iphoneos;
				SWIFT_OPTIMIZATION_LEVEL = "-Onone";
				TARGETED_DEVICE_FAMILY = "1,2";
			};
			name = Debug;
		};
		171B079E1B92642600217266 /* Release */ = {
			isa = XCBuildConfiguration;
			buildSettings = {
				ALWAYS_SEARCH_USER_PATHS = NO;
				CLANG_CXX_LANGUAGE_STANDARD = "gnu++0x";
				CLANG_CXX_LIBRARY = "libc++";
				CLANG_ENABLE_MODULES = YES;
				CLANG_ENABLE_OBJC_ARC = YES;
				CLANG_WARN_BOOL_CONVERSION = YES;
				CLANG_WARN_CONSTANT_CONVERSION = YES;
				CLANG_WARN_DIRECT_OBJC_ISA_USAGE = YES_ERROR;
				CLANG_WARN_EMPTY_BODY = YES;
				CLANG_WARN_ENUM_CONVERSION = YES;
				CLANG_WARN_INT_CONVERSION = YES;
				CLANG_WARN_OBJC_ROOT_CLASS = YES_ERROR;
				CLANG_WARN_UNREACHABLE_CODE = YES;
				CLANG_WARN__DUPLICATE_METHOD_MATCH = YES;
				"CODE_SIGN_IDENTITY[sdk=iphoneos*]" = "iPhone Developer";
				COPY_PHASE_STRIP = NO;
				DEBUG_INFORMATION_FORMAT = "dwarf-with-dsym";
				EMBEDDED_CONTENT_CONTAINS_SWIFT = YES;
				ENABLE_NS_ASSERTIONS = NO;
				ENABLE_STRICT_OBJC_MSGSEND = YES;
				GCC_C_LANGUAGE_STANDARD = gnu99;
				GCC_NO_COMMON_BLOCKS = YES;
				GCC_WARN_64_TO_32_BIT_CONVERSION = YES;
				GCC_WARN_ABOUT_RETURN_TYPE = YES_ERROR;
				GCC_WARN_UNDECLARED_SELECTOR = YES;
				GCC_WARN_UNINITIALIZED_AUTOS = YES_AGGRESSIVE;
				GCC_WARN_UNUSED_FUNCTION = YES;
				GCC_WARN_UNUSED_VARIABLE = YES;
				IPHONEOS_DEPLOYMENT_TARGET = 9.0;
				MTL_ENABLE_DEBUG_INFO = NO;
				SDKROOT = iphoneos;
				TARGETED_DEVICE_FAMILY = "1,2";
				VALIDATE_PRODUCT = YES;
			};
			name = Release;
		};
		171B07A01B92642600217266 /* Debug */ = {
			isa = XCBuildConfiguration;
			buildSettings = {
				ASSETCATALOG_COMPILER_APPICON_NAME = AppIcon;
				CODE_SIGN_IDENTITY = "iPhone Developer";
				INFOPLIST_FILE = "$(SRCROOT)/_src/Info.plist";
				IPHONEOS_DEPLOYMENT_TARGET = 9.0;
				LD_RUNPATH_SEARCH_PATHS = "$(inherited) @executable_path/Frameworks";
				PRODUCT_BUNDLE_IDENTIFIER = com.dashutchdevelopment.mc.castle.challenege;
				PRODUCT_NAME = "$(TARGET_NAME)";
			};
			name = Debug;
		};
		171B07A11B92642600217266 /* Release */ = {
			isa = XCBuildConfiguration;
			buildSettings = {
				ASSETCATALOG_COMPILER_APPICON_NAME = AppIcon;
				CODE_SIGN_IDENTITY = "iPhone Developer";
				INFOPLIST_FILE = "$(SRCROOT)/_src/Info.plist";
				IPHONEOS_DEPLOYMENT_TARGET = 9.0;
				LD_RUNPATH_SEARCH_PATHS = "$(inherited) @executable_path/Frameworks";
				PRODUCT_BUNDLE_IDENTIFIER = com.dashutchdevelopment.mc.castle.challenege;
				PRODUCT_NAME = "$(TARGET_NAME)";
			};
			name = Release;
		};
		171B07A31B92642600217266 /* Debug */ = {
			isa = XCBuildConfiguration;
			buildSettings = {
				BUNDLE_LOADER = "$(TEST_HOST)";
				INFOPLIST_FILE = "MC Castle ChallengeTests/Info.plist";
				LD_RUNPATH_SEARCH_PATHS = "$(inherited) @executable_path/Frameworks @loader_path/Frameworks";
				PRODUCT_BUNDLE_IDENTIFIER = "com.dashutchdevelopment.MC-Castle-ChallengeTests";
				PRODUCT_NAME = "$(TARGET_NAME)";
				TEST_HOST = "$(BUILT_PRODUCTS_DIR)/MC Castle Challenge.app/MC Castle Challenge";
			};
			name = Debug;
		};
		171B07A41B92642600217266 /* Release */ = {
			isa = XCBuildConfiguration;
			buildSettings = {
				BUNDLE_LOADER = "$(TEST_HOST)";
				INFOPLIST_FILE = "MC Castle ChallengeTests/Info.plist";
				LD_RUNPATH_SEARCH_PATHS = "$(inherited) @executable_path/Frameworks @loader_path/Frameworks";
				PRODUCT_BUNDLE_IDENTIFIER = "com.dashutchdevelopment.MC-Castle-ChallengeTests";
				PRODUCT_NAME = "$(TARGET_NAME)";
				TEST_HOST = "$(BUILT_PRODUCTS_DIR)/MC Castle Challenge.app/MC Castle Challenge";
			};
			name = Release;
		};
		171B07A61B92642600217266 /* Debug */ = {
			isa = XCBuildConfiguration;
			buildSettings = {
				INFOPLIST_FILE = "MC Castle ChallengeUITests/Info.plist";
				LD_RUNPATH_SEARCH_PATHS = "$(inherited) @executable_path/Frameworks @loader_path/Frameworks";
				PRODUCT_BUNDLE_IDENTIFIER = "com.dashutchdevelopment.MC-Castle-ChallengeUITests";
				PRODUCT_NAME = "$(TARGET_NAME)";
				TEST_TARGET_NAME = "MC Castle Challenge";
				USES_XCTRUNNER = YES;
			};
			name = Debug;
		};
		171B07A71B92642600217266 /* Release */ = {
			isa = XCBuildConfiguration;
			buildSettings = {
				INFOPLIST_FILE = "MC Castle ChallengeUITests/Info.plist";
				LD_RUNPATH_SEARCH_PATHS = "$(inherited) @executable_path/Frameworks @loader_path/Frameworks";
				PRODUCT_BUNDLE_IDENTIFIER = "com.dashutchdevelopment.MC-Castle-ChallengeUITests";
				PRODUCT_NAME = "$(TARGET_NAME)";
				TEST_TARGET_NAME = "MC Castle Challenge";
				USES_XCTRUNNER = YES;
			};
			name = Release;
		};
/* End XCBuildConfiguration section */

/* Begin XCConfigurationList section */
		171B07721B92642500217266 /* Build configuration list for PBXProject "MC Castle Challenge" */ = {
			isa = XCConfigurationList;
			buildConfigurations = (
				171B079D1B92642600217266 /* Debug */,
				171B079E1B92642600217266 /* Release */,
			);
			defaultConfigurationIsVisible = 0;
			defaultConfigurationName = Release;
		};
		171B079F1B92642600217266 /* Build configuration list for PBXNativeTarget "MC CC" */ = {
			isa = XCConfigurationList;
			buildConfigurations = (
				171B07A01B92642600217266 /* Debug */,
				171B07A11B92642600217266 /* Release */,
			);
			defaultConfigurationIsVisible = 0;
			defaultConfigurationName = Release;
		};
		171B07A21B92642600217266 /* Build configuration list for PBXNativeTarget "unit tests" */ = {
			isa = XCConfigurationList;
			buildConfigurations = (
				171B07A31B92642600217266 /* Debug */,
				171B07A41B92642600217266 /* Release */,
			);
			defaultConfigurationIsVisible = 0;
			defaultConfigurationName = Release;
		};
		171B07A51B92642600217266 /* Build configuration list for PBXNativeTarget "ui tests" */ = {
			isa = XCConfigurationList;
			buildConfigurations = (
				171B07A61B92642600217266 /* Debug */,
				171B07A71B92642600217266 /* Release */,
			);
			defaultConfigurationIsVisible = 0;
			defaultConfigurationName = Release;
		};
/* End XCConfigurationList section */
	};
	rootObject = 171B076F1B92642500217266 /* Project object */;
}
